
Microsoft Visual Studio Solution File, Format Version 12.00
# Visual Studio Version 16
VisualStudioVersion = 16.0.31112.23
MinimumVisualStudioVersion = 10.0.40219.1
Project("{9A19103F-16F7-4668-BE54-9A1E7A4F7556}") = "MemorySteps.Core", "MemorySteps.Core\MemorySteps.Core.csproj", "{AD3B9C41-8FB3-444A-9370-2CFF910B9D84}"
EndProject
Project("{9A19103F-16F7-4668-BE54-9A1E7A4F7556}") = "MemorySteps.AspUI", "MemorySteps.AspUI\MemorySteps.AspUI.csproj", "{41BB9589-783B-4A65-9E2D-64BFC94C422B}"
EndProject
Global
	GlobalSection(SolutionConfigurationPlatforms) = preSolution
		Debug|Any CPU = Debug|Any CPU
		Release|Any CPU = Release|Any CPU
	EndGlobalSection
	GlobalSection(ProjectConfigurationPlatforms) = postSolution
		{AD3B9C41-8FB3-444A-9370-2CFF910B9D84}.Debug|Any CPU.ActiveCfg = Debug|Any CPU
		{AD3B9C41-8FB3-444A-9370-2CFF910B9D84}.Debug|Any CPU.Build.0 = Debug|Any CPU
		{AD3B9C41-8FB3-444A-9370-2CFF910B9D84}.Release|Any CPU.ActiveCfg = Release|Any CPU
		{AD3B9C41-8FB3-444A-9370-2CFF910B9D84}.Release|Any CPU.Build.0 = Release|Any CPU
		{41BB9589-783B-4A65-9E2D-64BFC94C422B}.Debug|Any CPU.ActiveCfg = Debug|Any CPU
		{41BB9589-783B-4A65-9E2D-64BFC94C422B}.Debug|Any CPU.Build.0 = Debug|Any CPU
		{41BB9589-783B-4A65-9E2D-64BFC94C422B}.Release|Any CPU.ActiveCfg = Release|Any CPU
		{41BB9589-783B-4A65-9E2D-64BFC94C422B}.Release|Any CPU.Build.0 = Release|Any CPU
	EndGlobalSection
	GlobalSection(SolutionProperties) = preSolution
		HideSolutionNode = FALSE
	EndGlobalSection
	GlobalSection(ExtensibilityGlobals) = postSolution
		SolutionGuid = {3D7368E9-8C3D-460D-8D30-8489F82CC3CB}
	EndGlobalSection
EndGlobal
