{
  "requires": true,
  "lockfileVersion": 1,
  "dependencies": {
    "custom-electron-titlebar": {
      "version": "3.2.7",
      "resolved": "https://registry.npmjs.org/custom-electron-titlebar/-/custom-electron-titlebar-3.2.7.tgz",
      "integrity": "sha512-KO/6e3r6YflfNUOzi5QHLwkLHBP+ICtHPo70u/kUIKR8UUkDTPb4a9i19q0uDZQcjkH6oqRvFCz9wEHeEpCgxw=="
    }
  }
}
